{
  "meteor": {
    "path": "/Users/alex/Documents/work/personal/meteor"
  },
  "dependencies": {
    "basePackages": {
      "bootstrap-font-awesome": {
        "git": "git://github.com/zealoushacker/meteor-bootstrap-and-font-awesome.git",
        "branch": "master"
      },
      "accounts-linkedin": {
        "path": "/Users/alex/Documents/work/personal/meteor-packages/accounts-linkedin"
      }
    },
    "packages": {
      "bootstrap-font-awesome": {
        "git": "git://github.com/zealoushacker/meteor-bootstrap-and-font-awesome.git",
        "branch": "master",
        "commit": "bb05a051fdd31a864b04da29c00d3322826f2afa"
      },
      "accounts-linkedin": {
        "path": "/Users/alex/Documents/work/personal/meteor-packages/accounts-linkedin"
      }
    }
  }
}
